// !$*UTF8*$!
{
	archiveVersion = 1;
	classes = {
	};
	objectVersion = 50;
	objects = {

/* Begin PBXBuildFile section */
		5A388BF4238B77D50034AE66 /* AppDelegate.swift in Sources */ = {isa = PBXBuildFile; fileRef = 5A388BF3238B77D50034AE66 /* AppDelegate.swift */; };
		5A388BF6238B77D50034AE66 /* ViewController.swift in Sources */ = {isa = PBXBuildFile; fileRef = 5A388BF5238B77D50034AE66 /* ViewController.swift */; };
		5A388BF9238B77D50034AE66 /* Main.storyboard in Resources */ = {isa = PBXBuildFile; fileRef = 5A388BF7238B77D50034AE66 /* Main.storyboard */; };
		5A388BFB238B77DC0034AE66 /* Assets.xcassets in Resources */ = {isa = PBXBuildFile; fileRef = 5A388BFA238B77DC0034AE66 /* Assets.xcassets */; };
		5A388BFE238B77DC0034AE66 /* LaunchScreen.storyboard in Resources */ = {isa = PBXBuildFile; fileRef = 5A388BFC238B77DC0034AE66 /* LaunchScreen.storyboard */; };
		5A388C09238B77DC0034AE66 /* DemoAppTests.swift in Sources */ = {isa = PBXBuildFile; fileRef = 5A388C08238B77DC0034AE66 /* DemoAppTests.swift */; };
		5A388C14238B77DC0034AE66 /* DemoAppUITests.swift in Sources */ = {isa = PBXBuildFile; fileRef = 5A388C13238B77DC0034AE66 /* DemoAppUITests.swift */; };
/* End PBXBuildFile section */

/* Begin PBXContainerItemProxy section */
		5A388C05238B77DC0034AE66 /* PBXContainerItemProxy */ = {
			isa = PBXContainerItemProxy;
			containerPortal = 5A388BE8238B77D50034AE66 /* Project object */;
			proxyType = 1;
			remoteGlobalIDString = 5A388BEF238B77D50034AE66;
			remoteInfo = DemoApp;
		};
		5A388C10238B77DC0034AE66 /* PBXContainerItemProxy */ = {
			isa = PBXContainerItemProxy;
			containerPortal = 5A388BE8238B77D50034AE66 /* Project object */;
			proxyType = 1;
			remoteGlobalIDString = 5A388BEF238B77D50034AE66;
			remoteInfo = DemoApp;
		};
/* End PBXContainerItemProxy section */

/* Begin PBXFileReference section */
		5A388BF0238B77D50034AE66 /* DemoApp.app */ = {isa = PBXFileReference; explicitFileType = wrapper.application; includeInIndex = 0; path = DemoApp.app; sourceTree = BUILT_PRODUCTS_DIR; };
		5A388BF3238B77D50034AE66 /* AppDelegate.swift */ = {isa = PBXFileReference; lastKnownFileType = sourcecode.swift; path = AppDelegate.swift; sourceTree = "<group>"; };
		5A388BF5238B77D50034AE66 /* ViewController.swift */ = {isa = PBXFileReference; lastKnownFileType = sourcecode.swift; path = ViewController.swift; sourceTree = "<group>"; };
		5A388BF8238B77D50034AE66 /* Base */ = {isa = PBXFileReference; lastKnownFileType = file.storyboard; name = Base; path = Base.lproj/Main.storyboard; sourceTree = "<group>"; };
		5A388BFA238B77DC0034AE66 /* Assets.xcassets */ = {isa = PBXFileReference; lastKnownFileType = folder.assetcatalog; path = Assets.xcassets; sourceTree = "<group>"; };
		5A388BFD238B77DC0034AE66 /* Base */ = {isa = PBXFileReference; lastKnownFileType = file.storyboard; name = Base; path = Base.lproj/LaunchScreen.storyboard; sourceTree = "<group>"; };
		5A388BFF238B77DC0034AE66 /* Info.plist */ = {isa = PBXFileReference; lastKnownFileType = text.plist.xml; path = Info.plist; sourceTree = "<group>"; };
		5A388C04238B77DC0034AE66 /* DemoAppTests.xctest */ = {isa = PBXFileReference; explicitFileType = wrapper.cfbundle; includeInIndex = 0; path = DemoAppTests.xctest; sourceTree = BUILT_PRODUCTS_DIR; };
		5A388C08238B77DC0034AE66 /* DemoAppTests.swift */ = {isa = PBXFileReference; lastKnownFileType = sourcecode.swift; path = DemoAppTests.swift; sourceTree = "<group>"; };
		5A388C0A238B77DC0034AE66 /* Info.plist */ = {isa = PBXFileReference; lastKnownFileType = text.plist.xml; path = Info.plist; sourceTree = "<group>"; };
		5A388C0F238B77DC0034AE66 /* DemoAppUITests.xctest */ = {isa = PBXFileReference; explicitFileType = wrapper.cfbundle; includeInIndex = 0; path = DemoAppUITests.xctest; sourceTree = BUILT_PRODUCTS_DIR; };
		5A388C13238B77DC0034AE66 /* DemoAppUITests.swift */ = {isa = PBXFileReference; lastKnownFileType = sourcecode.swift; path = DemoAppUITests.swift; sourceTree = "<group>"; };
		5A388C15238B77DC0034AE66 /* Info.plist */ = {isa = PBXFileReference; lastKnownFileType = text.plist.xml; path = Info.plist; sourceTree = "<group>"; };
/* End PBXFileReference section */

/* Begin PBXFrameworksBuildPhase section */
		5A388BED238B77D50034AE66 /* Frameworks */ = {
			isa = PBXFrameworksBuildPhase;
			buildActionMask = 2147483647;
			files = (
			);
			runOnlyForDeploymentPostprocessing = 0;
		};
		5A388C01238B77DC0034AE66 /* Frameworks */ = {
			isa = PBXFrameworksBuildPhase;
			buildActionMask = 2147483647;
			files = (
			);
			runOnlyForDeploymentPostprocessing = 0;
		};
		5A388C0C238B77DC0034AE66 /* Frameworks */ = {
			isa = PBXFrameworksBuildPhase;
			buildActionMask = 2147483647;
			files = (
			);
			runOnlyForDeploymentPostprocessing = 0;
		};
/* End PBXFrameworksBuildPhase section */

/* Begin PBXGroup section */
		5A388BE7238B77D50034AE66 = {
			isa = PBXGroup;
			children = (
				5A388BF2238B77D50034AE66 /* DemoApp */,
				5A388C07238B77DC0034AE66 /* DemoAppTests */,
				5A388C12238B77DC0034AE66 /* DemoAppUITests */,
				5A388BF1238B77D50034AE66 /* Products */,
			);
			sourceTree = "<group>";
		};
		5A388BF1238B77D50034AE66 /* Products */ = {
			isa = PBXGroup;
			children = (
				5A388BF0238B77D50034AE66 /* DemoApp.app */,
				5A388C04238B77DC0034AE66 /* DemoAppTests.xctest */,
				5A388C0F238B77DC0034AE66 /* DemoAppUITests.xctest */,
			);
			name = Products;
			sourceTree = "<group>";
		};
		5A388BF2238B77D50034AE66 /* DemoApp */ = {
			isa = PBXGroup;
			children = (
				5A388BF3238B77D50034AE66 /* AppDelegate.swift */,
				5A388BF5238B77D50034AE66 /* ViewController.swift */,
				5A388BF7238B77D50034AE66 /* Main.storyboard */,
				5A388BFA238B77DC0034AE66 /* Assets.xcassets */,
				5A388BFC238B77DC0034AE66 /* LaunchScreen.storyboard */,
				5A388BFF238B77DC0034AE66 /* Info.plist */,
			);
			path = DemoApp;
			sourceTree = "<group>";
		};
		5A388C07238B77DC0034AE66 /* DemoAppTests */ = {
			isa = PBXGroup;
			children = (
				5A388C08238B77DC0034AE66 /* DemoAppTests.swift */,
				5A388C0A238B77DC0034AE66 /* Info.plist */,
			);
			path = DemoAppTests;
			sourceTree = "<group>";
		};
		5A388C12238B77DC0034AE66 /* DemoAppUITests */ = {
			isa = PBXGroup;
			children = (
				5A388C13238B77DC0034AE66 /* DemoAppUITests.swift */,
				5A388C15238B77DC0034AE66 /* Info.plist */,
			);
			path = DemoAppUITests;
			sourceTree = "<group>";
		};
/* End PBXGroup section */

/* Begin PBXNativeTarget section */
		5A388BEF238B77D50034AE66 /* DemoApp */ = {
			isa = PBXNativeTarget;
			buildConfigurationList = 5A388C18238B77DC0034AE66 /* Build configuration list for PBXNativeTarget "DemoApp" */;
			buildPhases = (
				5A388BEC238B77D50034AE66 /* Sources */,
				5A388BED238B77D50034AE66 /* Frameworks */,
				5A388BEE238B77D50034AE66 /* Resources */,
			);
			buildRules = (
			);
			dependencies = (
			);
			name = DemoApp;
			productName = DemoApp;
			productReference = 5A388BF0238B77D50034AE66 /* DemoApp.app */;
			productType = "com.apple.product-type.application";
		};
		5A388C03238B77DC0034AE66 /* DemoAppTests */ = {
			isa = PBXNativeTarget;
			buildConfigurationList = 5A388C1B238B77DC0034AE66 /* Build configuration list for PBXNativeTarget "DemoAppTests" */;
			buildPhases = (
				5A388C00238B77DC0034AE66 /* Sources */,
				5A388C01238B77DC0034AE66 /* Frameworks */,
				5A388C02238B77DC0034AE66 /* Resources */,
			);
			buildRules = (
			);
			dependencies = (
				5A388C06238B77DC0034AE66 /* PBXTargetDependency */,
			);
			name = DemoAppTests;
			productName = DemoAppTests;
			productReference = 5A388C04238B77DC0034AE66 /* DemoAppTests.xctest */;
			productType = "com.apple.product-type.bundle.unit-test";
		};
		5A388C0E238B77DC0034AE66 /* DemoAppUITests */ = {
			isa = PBXNativeTarget;
			buildConfigurationList = 5A388C1E238B77DC0034AE66 /* Build configuration list for PBXNativeTarget "DemoAppUITests" */;
			buildPhases = (
				5A388C0B238B77DC0034AE66 /* Sources */,
				5A388C0C238B77DC0034AE66 /* Frameworks */,
				5A388C0D238B77DC0034AE66 /* Resources */,
			);
			buildRules = (
			);
			dependencies = (
				5A388C11238B77DC0034AE66 /* PBXTargetDependency */,
			);
			name = DemoAppUITests;
			productName = DemoAppUITests;
			productReference = 5A388C0F238B77DC0034AE66 /* DemoAppUITests.xctest */;
			productType = "com.apple.product-type.bundle.ui-testing";
		};
/* End PBXNativeTarget section */

/* Begin PBXProject section */
		5A388BE8238B77D50034AE66 /* Project object */ = {
			isa = PBXProject;
			attributes = {
				LastSwiftUpdateCheck = 1030;
				LastUpgradeCheck = 1030;
				ORGANIZATIONNAME = "Santanu Koley(Digital)";
				TargetAttributes = {
					5A388BEF238B77D50034AE66 = {
						CreatedOnToolsVersion = 10.3;
					};
					5A388C03238B77DC0034AE66 = {
						CreatedOnToolsVersion = 10.3;
						TestTargetID = 5A388BEF238B77D50034AE66;
					};
					5A388C0E238B77DC0034AE66 = {
						CreatedOnToolsVersion = 10.3;
						TestTargetID = 5A388BEF238B77D50034AE66;
					};
				};
			};
			buildConfigurationList = 5A388BEB238B77D50034AE66 /* Build configuration list for PBXProject "DemoApp" */;
			compatibilityVersion = "Xcode 9.3";
			developmentRegion = en;
			hasScannedForEncodings = 0;
			knownRegions = (
				en,
				Base,
			);
			mainGroup = 5A388BE7238B77D50034AE66;
			productRefGroup = 5A388BF1238B77D50034AE66 /* Products */;
			projectDirPath = "";
			projectRoot = "";
			targets = (
				5A388BEF238B77D50034AE66 /* DemoApp */,
				5A388C03238B77DC0034AE66 /* DemoAppTests */,
				5A388C0E238B77DC0034AE66 /* DemoAppUITests */,
			);
		};
/* End PBXProject section */

/* Begin PBXResourcesBuildPhase section */
		5A388BEE238B77D50034AE66 /* Resources */ = {
			isa = PBXResourcesBuildPhase;
			buildActionMask = 2147483647;
			files = (
				5A388BFE238B77DC0034AE66 /* LaunchScreen.storyboard in Resources */,
				5A388BFB238B77DC0034AE66 /* Assets.xcassets in Resources */,
				5A388BF9238B77D50034AE66 /* Main.storyboard in Resources */,
			);
			runOnlyForDeploymentPostprocessing = 0;
		};
		5A388C02238B77DC0034AE66 /* Resources */ = {
			isa = PBXResourcesBuildPhase;
			buildActionMask = 2147483647;
			files = (
			);
			runOnlyForDeploymentPostprocessing = 0;
		};
		5A388C0D238B77DC0034AE66 /* Resources */ = {
			isa = PBXResourcesBuildPhase;
			buildActionMask = 2147483647;
			files = (
			);
			runOnlyForDeploymentPostprocessing = 0;
		};
/* End PBXResourcesBuildPhase section */

/* Begin PBXSourcesBuildPhase section */
		5A388BEC238B77D50034AE66 /* Sources */ = {
			isa = PBXSourcesBuildPhase;
			buildActionMask = 2147483647;
			files = (
				5A388BF6238B77D50034AE66 /* ViewController.swift in Sources */,
				5A388BF4238B77D50034AE66 /* AppDelegate.swift in Sources */,
			);
			runOnlyForDeploymentPostprocessing = 0;
		};
		5A388C00238B77DC0034AE66 /* Sources */ = {
			isa = PBXSourcesBuildPhase;
			buildActionMask = 2147483647;
			files = (
				5A388C09238B77DC0034AE66 /* DemoAppTests.swift in Sources */,
			);
			runOnlyForDeploymentPostprocessing = 0;
		};
		5A388C0B238B77DC0034AE66 /* Sources */ = {
			isa = PBXSourcesBuildPhase;
			buildActionMask = 2147483647;
			files = (
				5A388C14238B77DC0034AE66 /* DemoAppUITests.swift in Sources */,
			);
			runOnlyForDeploymentPostprocessing = 0;
		};
/* End PBXSourcesBuildPhase section */

/* Begin PBXTargetDependency section */
		5A388C06238B77DC0034AE66 /* PBXTargetDependency */ = {
			isa = PBXTargetDependency;
			target = 5A388BEF238B77D50034AE66 /* DemoApp */;
			targetProxy = 5A388C05238B77DC0034AE66 /* PBXContainerItemProxy */;
		};
		5A388C11238B77DC0034AE66 /* PBXTargetDependency */ = {
			isa = PBXTargetDependency;
			target = 5A388BEF238B77D50034AE66 /* DemoApp */;
			targetProxy = 5A388C10238B77DC0034AE66 /* PBXContainerItemProxy */;
		};
/* End PBXTargetDependency section */

/* Begin PBXVariantGroup section */
		5A388BF7238B77D50034AE66 /* Main.storyboard */ = {
			isa = PBXVariantGroup;
			children = (
				5A388BF8238B77D50034AE66 /* Base */,
			);
			name = Main.storyboard;
			sourceTree = "<group>";
		};
		5A388BFC238B77DC0034AE66 /* LaunchScreen.storyboard */ = {
			isa = PBXVariantGroup;
			children = (
				5A388BFD238B77DC0034AE66 /* Base */,
			);
			name = LaunchScreen.storyboard;
			sourceTree = "<group>";
		};
/* End PBXVariantGroup section */

/* Begin XCBuildConfiguration section */
		5A388C16238B77DC0034AE66 /* Debug */ = {
			isa = XCBuildConfiguration;
			buildSettings = {
				ALWAYS_SEARCH_USER_PATHS = NO;
				CLANG_ANALYZER_NONNULL = YES;
				CLANG_ANALYZER_NUMBER_OBJECT_CONVERSION = YES_AGGRESSIVE;
				CLANG_CXX_LANGUAGE_STANDARD = "gnu++14";
				CLANG_CXX_LIBRARY = "libc++";
				CLANG_ENABLE_MODULES = YES;
				CLANG_ENABLE_OBJC_ARC = YES;
				CLANG_ENABLE_OBJC_WEAK = YES;
				CLANG_WARN_BLOCK_CAPTURE_AUTORELEASING = YES;
				CLANG_WARN_BOOL_CONVERSION = YES;
				CLANG_WARN_COMMA = YES;
				CLANG_WARN_CONSTANT_CONVERSION = YES;
				CLANG_WARN_DEPRECATED_OBJC_IMPLEMENTATIONS = YES;
				CLANG_WARN_DIRECT_OBJC_ISA_USAGE = YES_ERROR;
				CLANG_WARN_DOCUMENTATION_COMMENTS = YES;
				CLANG_WARN_EMPTY_BODY = YES;
				CLANG_WARN_ENUM_CONVERSION = YES;
				CLANG_WARN_INFINITE_RECURSION = YES;
				CLANG_WARN_INT_CONVERSION = YES;
				CLANG_WARN_NON_LITERAL_NULL_CONVERSION = YES;
				CLANG_WARN_OBJC_IMPLICIT_RETAIN_SELF = YES;
				CLANG_WARN_OBJC_LITERAL_CONVERSION = YES;
				CLANG_WARN_OBJC_ROOT_CLASS = YES_ERROR;
				CLANG_WARN_RANGE_LOOP_ANALYSIS = YES;
				CLANG_WARN_STRICT_PROTOTYPES = YES;
				CLANG_WARN_SUSPICIOUS_MOVE = YES;
				CLANG_WARN_UNGUARDED_AVAILABILITY = YES_AGGRESSIVE;
				CLANG_WARN_UNREACHABLE_CODE = YES;
				CLANG_WARN__DUPLICATE_METHOD_MATCH = YES;
				CODE_SIGN_IDENTITY = "iPhone Developer";
				COPY_PHASE_STRIP = NO;
				DEBUG_INFORMATION_FORMAT = dwarf;
				ENABLE_STRICT_OBJC_MSGSEND = YES;
				ENABLE_TESTABILITY = YES;
				GCC_C_LANGUAGE_STANDARD = gnu11;
				GCC_DYNAMIC_NO_PIC = NO;
				GCC_NO_COMMON_BLOCKS = YES;
				GCC_OPTIMIZATION_LEVEL = 0;
				GCC_PREPROCESSOR_DEFINITIONS = (
					"DEBUG=1",
					"$(inherited)",
				);
				GCC_WARN_64_TO_32_BIT_CONVERSION = YES;
				GCC_WARN_ABOUT_RETURN_TYPE = YES_ERROR;
				GCC_WARN_UNDECLARED_SELECTOR = YES;
				GCC_WARN_UNINITIALIZED_AUTOS = YES_AGGRESSIVE;
				GCC_WARN_UNUSED_FUNCTION = YES;
				GCC_WARN_UNUSED_VARIABLE = YES;
				IPHONEOS_DEPLOYMENT_TARGET = 12.4;
				MTL_ENABLE_DEBUG_INFO = INCLUDE_SOURCE;
				MTL_FAST_MATH = YES;
				ONLY_ACTIVE_ARCH = YES;
				SDKROOT = iphoneos;
				SWIFT_ACTIVE_COMPILATION_CONDITIONS = DEBUG;
				SWIFT_OPTIMIZATION_LEVEL = "-Onone";
			};
			name = Debug;
		};
		5A388C17238B77DC0034AE66 /* Release */ = {
			isa = XCBuildConfiguration;
			buildSettings = {
				ALWAYS_SEARCH_USER_PATHS = NO;
				CLANG_ANALYZER_NONNULL = YES;
				CLANG_ANALYZER_NUMBER_OBJECT_CONVERSION = YES_AGGRESSIVE;
				CLANG_CXX_LANGUAGE_STANDARD = "gnu++14";
				CLANG_CXX_LIBRARY = "libc++";
				CLANG_ENABLE_MODULES = YES;
				CLANG_ENABLE_OBJC_ARC = YES;
				CLANG_ENABLE_OBJC_WEAK = YES;
				CLANG_WARN_BLOCK_CAPTURE_AUTORELEASING = YES;
				CLANG_WARN_BOOL_CONVERSION = YES;
				CLANG_WARN_COMMA = YES;
				CLANG_WARN_CONSTANT_CONVERSION = YES;
				CLANG_WARN_DEPRECATED_OBJC_IMPLEMENTATIONS = YES;
				CLANG_WARN_DIRECT_OBJC_ISA_USAGE = YES_ERROR;
				CLANG_WARN_DOCUMENTATION_COMMENTS = YES;
				CLANG_WARN_EMPTY_BODY = YES;
				CLANG_WARN_ENUM_CONVERSION = YES;
				CLANG_WARN_INFINITE_RECURSION = YES;
				CLANG_WARN_INT_CONVERSION = YES;
				CLANG_WARN_NON_LITERAL_NULL_CONVERSION = YES;
				CLANG_WARN_OBJC_IMPLICIT_RETAIN_SELF = YES;
				CLANG_WARN_OBJC_LITERAL_CONVERSION = YES;
				CLANG_WARN_OBJC_ROOT_CLASS = YES_ERROR;
				CLANG_WARN_RANGE_LOOP_ANALYSIS = YES;
				CLANG_WARN_STRICT_PROTOTYPES = YES;
				CLANG_WARN_SUSPICIOUS_MOVE = YES;
				CLANG_WARN_UNGUARDED_AVAILABILITY = YES_AGGRESSIVE;
				CLANG_WARN_UNREACHABLE_CODE = YES;
				CLANG_WARN__DUPLICATE_METHOD_MATCH = YES;
				CODE_SIGN_IDENTITY = "iPhone Developer";
				COPY_PHASE_STRIP = NO;
				DEBUG_INFORMATION_FORMAT = "dwarf-with-dsym";
				ENABLE_NS_ASSERTIONS = NO;
				ENABLE_STRICT_OBJC_MSGSEND = YES;
				GCC_C_LANGUAGE_STANDARD = gnu11;
				GCC_NO_COMMON_BLOCKS = YES;
				GCC_WARN_64_TO_32_BIT_CONVERSION = YES;
				GCC_WARN_ABOUT_RETURN_TYPE = YES_ERROR;
				GCC_WARN_UNDECLARED_SELECTOR = YES;
				GCC_WARN_UNINITIALIZED_AUTOS = YES_AGGRESSIVE;
				GCC_WARN_UNUSED_FUNCTION = YES;
				GCC_WARN_UNUSED_VARIABLE = YES;
				IPHONEOS_DEPLOYMENT_TARGET = 12.4;
				MTL_ENABLE_DEBUG_INFO = NO;
				MTL_FAST_MATH = YES;
				SDKROOT = iphoneos;
				SWIFT_COMPILATION_MODE = wholemodule;
				SWIFT_OPTIMIZATION_LEVEL = "-O";
				VALIDATE_PRODUCT = YES;
			};
			name = Release;
		};
		5A388C19238B77DC0034AE66 /* Debug */ = {
			isa = XCBuildConfiguration;
			buildSettings = {
				ASSETCATALOG_COMPILER_APPICON_NAME = AppIcon;
				CODE_SIGN_STYLE = Automatic;
				INFOPLIST_FILE = DemoApp/Info.plist;
				LD_RUNPATH_SEARCH_PATHS = (
					"$(inherited)",
					"@executable_path/Frameworks",
				);
				PRODUCT_BUNDLE_IDENTIFIER = test.com.DemoApp;
				PRODUCT_NAME = "$(TARGET_NAME)";
				SWIFT_VERSION = 5.0;
				TARGETED_DEVICE_FAMILY = "1,2";
			};
			name = Debug;
		};
		5A388C1A238B77DC0034AE66 /* Release */ = {
			isa = XCBuildConfiguration;
			buildSettings = {
				ASSETCATALOG_COMPILER_APPICON_NAME = AppIcon;
				CODE_SIGN_STYLE = Automatic;
				INFOPLIST_FILE = DemoApp/Info.plist;
				LD_RUNPATH_SEARCH_PATHS = (
					"$(inherited)",
					"@executable_path/Frameworks",
				);
				PRODUCT_BUNDLE_IDENTIFIER = test.com.DemoApp;
				PRODUCT_NAME = "$(TARGET_NAME)";
				SWIFT_VERSION = 5.0;
				TARGETED_DEVICE_FAMILY = "1,2";
			};
			name = Release;
		};
		5A388C1C238B77DC0034AE66 /* Debug */ = {
			isa = XCBuildConfiguration;
			buildSettings = {
				ALWAYS_EMBED_SWIFT_STANDARD_LIBRARIES = YES;
				BUNDLE_LOADER = "$(TEST_HOST)";
				CODE_SIGN_STYLE = Automatic;
				INFOPLIST_FILE = DemoAppTests/Info.plist;
				LD_RUNPATH_SEARCH_PATHS = (
					"$(inherited)",
					"@executable_path/Frameworks",
					"@loader_path/Frameworks",
				);
				PRODUCT_BUNDLE_IDENTIFIER = test.com.DemoAppTests;
				PRODUCT_NAME = "$(TARGET_NAME)";
				SWIFT_VERSION = 5.0;
				TARGETED_DEVICE_FAMILY = "1,2";
				TEST_HOST = "$(BUILT_PRODUCTS_DIR)/DemoApp.app/DemoApp";
			};
			name = Debug;
		};
		5A388C1D238B77DC0034AE66 /* Release */ = {
			isa = XCBuildConfiguration;
			buildSettings = {
				ALWAYS_EMBED_SWIFT_STANDARD_LIBRARIES = YES;
				BUNDLE_LOADER = "$(TEST_HOST)";
				CODE_SIGN_STYLE = Automatic;
				INFOPLIST_FILE = DemoAppTests/Info.plist;
				LD_RUNPATH_SEARCH_PATHS = (
					"$(inherited)",
					"@executable_path/Frameworks",
					"@loader_path/Frameworks",
				);
				PRODUCT_BUNDLE_IDENTIFIER = test.com.DemoAppTests;
				PRODUCT_NAME = "$(TARGET_NAME)";
				SWIFT_VERSION = 5.0;
				TARGETED_DEVICE_FAMILY = "1,2";
				TEST_HOST = "$(BUILT_PRODUCTS_DIR)/DemoApp.app/DemoApp";
			};
			name = Release;
		};
		5A388C1F238B77DC0034AE66 /* Debug */ = {
			isa = XCBuildConfiguration;
			buildSettings = {
				ALWAYS_EMBED_SWIFT_STANDARD_LIBRARIES = YES;
				CODE_SIGN_STYLE = Automatic;
				INFOPLIST_FILE = DemoAppUITests/Info.plist;
				LD_RUNPATH_SEARCH_PATHS = (
					"$(inherited)",
					"@executable_path/Frameworks",
					"@loader_path/Frameworks",
				);
				PRODUCT_BUNDLE_IDENTIFIER = test.com.DemoAppUITests;
				PRODUCT_NAME = "$(TARGET_NAME)";
				SWIFT_VERSION = 5.0;
				TARGETED_DEVICE_FAMILY = "1,2";
				TEST_TARGET_NAME = DemoApp;
			};
			name = Debug;
		};
		5A388C20238B77DC0034AE66 /* Release */ = {
			isa = XCBuildConfiguration;
			buildSettings = {
				ALWAYS_EMBED_SWIFT_STANDARD_LIBRARIES = YES;
				CODE_SIGN_STYLE = Automatic;
				INFOPLIST_FILE = DemoAppUITests/Info.plist;
				LD_RUNPATH_SEARCH_PATHS = (
					"$(inherited)",
					"@executable_path/Frameworks",
					"@loader_path/Frameworks",
				);
				PRODUCT_BUNDLE_IDENTIFIER = test.com.DemoAppUITests;
				PRODUCT_NAME = "$(TARGET_NAME)";
				SWIFT_VERSION = 5.0;
				TARGETED_DEVICE_FAMILY = "1,2";
				TEST_TARGET_NAME = DemoApp;
			};
			name = Release;
		};
/* End XCBuildConfiguration section */

/* Begin XCConfigurationList section */
		5A388BEB238B77D50034AE66 /* Build configuration list for PBXProject "DemoApp" */ = {
			isa = XCConfigurationList;
			buildConfigurations = (
				5A388C16238B77DC0034AE66 /* Debug */,
				5A388C17238B77DC0034AE66 /* Release */,
			);
			defaultConfigurationIsVisible = 0;
			defaultConfigurationName = Release;
		};
		5A388C18238B77DC0034AE66 /* Build configuration list for PBXNativeTarget "DemoApp" */ = {
			isa = XCConfigurationList;
			buildConfigurations = (
				5A388C19238B77DC0034AE66 /* Debug */,
				5A388C1A238B77DC0034AE66 /* Release */,
			);
			defaultConfigurationIsVisible = 0;
			defaultConfigurationName = Release;
		};
		5A388C1B238B77DC0034AE66 /* Build configuration list for PBXNativeTarget "DemoAppTests" */ = {
			isa = XCConfigurationList;
			buildConfigurations = (
				5A388C1C238B77DC0034AE66 /* Debug */,
				5A388C1D238B77DC0034AE66 /* Release */,
			);
			defaultConfigurationIsVisible = 0;
			defaultConfigurationName = Release;
		};
		5A388C1E238B77DC0034AE66 /* Build configuration list for PBXNativeTarget "DemoAppUITests" */ = {
			isa = XCConfigurationList;
			buildConfigurations = (
				5A388C1F238B77DC0034AE66 /* Debug */,
				5A388C20238B77DC0034AE66 /* Release */,
			);
			defaultConfigurationIsVisible = 0;
			defaultConfigurationName = Release;
		};
/* End XCConfigurationList section */
	};
	rootObject = 5A388BE8238B77D50034AE66 /* Project object */;
}
